
Microsoft Visual Studio Solution File, Format Version 12.00
# Visual Studio Version 16
VisualStudioVersion = 16.0.31205.134
MinimumVisualStudioVersion = 10.0.40219.1
Project("{9092AA53-FB77-4645-B42D-1CCCA6BD08BD}") = "GetZipCode", "GetZipCode.njsproj", "{70B47B2F-10E8-4E86-B71E-00E499796C1C}"
EndProject
Global
	GlobalSection(SolutionConfigurationPlatforms) = preSolution
		Debug|Any CPU = Debug|Any CPU
		Release|Any CPU = Release|Any CPU
	EndGlobalSection
	GlobalSection(ProjectConfigurationPlatforms) = postSolution
		{70B47B2F-10E8-4E86-B71E-00E499796C1C}.Debug|Any CPU.ActiveCfg = Debug|Any CPU
		{70B47B2F-10E8-4E86-B71E-00E499796C1C}.Debug|Any CPU.Build.0 = Debug|Any CPU
		{70B47B2F-10E8-4E86-B71E-00E499796C1C}.Release|Any CPU.ActiveCfg = Release|Any CPU
		{70B47B2F-10E8-4E86-B71E-00E499796C1C}.Release|Any CPU.Build.0 = Release|Any CPU
	EndGlobalSection
	GlobalSection(SolutionProperties) = preSolution
		HideSolutionNode = FALSE
	EndGlobalSection
	GlobalSection(ExtensibilityGlobals) = postSolution
		SolutionGuid = {D8C896FD-96C6-4CFA-B47F-D3C86E49D17A}
	EndGlobalSection
EndGlobal
